[[package]]
name = "cffi"
version = "1.15.0"
description = "Foreign Function Interface for Python calling C code."
category = "main"
optional = false
python-versions = "*"

[package.dependencies]
pycparser = "*"

[[package]]
name = "numpy"
version = "1.22.1"
description = "NumPy is the fundamental package for array computing with Python."
category = "main"
optional = false
python-versions = ">=3.8"

[[package]]
name = "pycparser"
version = "2.21"
description = "C parser in Python"
category = "main"
optional = false
python-versions = ">=2.7, !=3.0.*, !=3.1.*, !=3.2.*, !=3.3.*"

[[package]]
name = "pygame"
version = "2.1.2"
description = "Python Game Development"
category = "main"
optional = false
python-versions = ">=3.6"

[[package]]
name = "pymunk"
version = "6.2.1"
description = "Pymunk is a easy-to-use pythonic 2d physics library"
category = "main"
optional = false
python-versions = ">=3.6"

[package.dependencies]
cffi = ">=1.15.0"

[package.extras]
dev = ["pyglet", "pygame", "sphinx", "aafigure", "wheel", "matplotlib"]

[[package]]
name = "replit-play"
version = "0.0.23"
description = "The easiest way to make games and media projects in Python."
category = "main"
optional = false
python-versions = ">=3.5"

[package.dependencies]
numpy = "*"
pygame = "*"
pymunk = "*"

[metadata]
lock-version = "1.1"
python-versions = "^3.8"
content-hash = "154cd6240cfb96e5eacb7650352594bd0cc740251ca5df19f1832a2eab117c65"

[metadata.files]
cffi = []
numpy = []
pycparser = []
pygame = []
pymunk = []
replit-play = []
